// !$*UTF8*$!
{
	archiveVersion = 1;
	classes = {
	};
	objectVersion = 55;
	objects = {

/* Begin PBXBuildFile section */
		49C366E0275DA5C70030D432 /* TestVM.swift in Sources */ = {isa = PBXBuildFile; fileRef = 49C366DF275DA5C70030D432 /* TestVM.swift */; };
		49C366E3275DAD510030D432 /* HealthProviderQS.swift in Sources */ = {isa = PBXBuildFile; fileRef = 49C366E2275DAD510030D432 /* HealthProviderQS.swift */; };
		49C366E5275DAF350030D432 /* Measurements.swift in Sources */ = {isa = PBXBuildFile; fileRef = 49C366E4275DAF350030D432 /* Measurements.swift */; };
		49C366E8275DB2F90030D432 /* BackgroundView.swift in Sources */ = {isa = PBXBuildFile; fileRef = 49C366E7275DB2F90030D432 /* BackgroundView.swift */; };
		49C366EB275DB3D80030D432 /* HealthProvider.swift in Sources */ = {isa = PBXBuildFile; fileRef = 49C366EA275DB3D80030D432 /* HealthProvider.swift */; };
		E4102849275D9D77002E69BD /* YellowPagesApp.swift in Sources */ = {isa = PBXBuildFile; fileRef = E4102848275D9D77002E69BD /* YellowPagesApp.swift */; };
		E410284B275D9D77002E69BD /* ContentView.swift in Sources */ = {isa = PBXBuildFile; fileRef = E410284A275D9D77002E69BD /* ContentView.swift */; };
		E410284D275D9D79002E69BD /* Assets.xcassets in Resources */ = {isa = PBXBuildFile; fileRef = E410284C275D9D79002E69BD /* Assets.xcassets */; };
		E4102850275D9D79002E69BD /* Preview Assets.xcassets in Resources */ = {isa = PBXBuildFile; fileRef = E410284F275D9D79002E69BD /* Preview Assets.xcassets */; };
		E410285A275D9D79002E69BD /* YellowPagesTests.swift in Sources */ = {isa = PBXBuildFile; fileRef = E4102859275D9D79002E69BD /* YellowPagesTests.swift */; };
		E4102864275D9D79002E69BD /* YellowPagesUITests.swift in Sources */ = {isa = PBXBuildFile; fileRef = E4102863275D9D79002E69BD /* YellowPagesUITests.swift */; };
		E4102866275D9D79002E69BD /* YellowPagesUITestsLaunchTests.swift in Sources */ = {isa = PBXBuildFile; fileRef = E4102865275D9D79002E69BD /* YellowPagesUITestsLaunchTests.swift */; };
		E4102877275D9DDA002E69BD /* SearchLandingScreen.swift in Sources */ = {isa = PBXBuildFile; fileRef = E4102876275D9DDA002E69BD /* SearchLandingScreen.swift */; };
		E410287D275D9FA7002E69BD /* Colors.swift in Sources */ = {isa = PBXBuildFile; fileRef = E410287C275D9FA7002E69BD /* Colors.swift */; };
		E410287F275D9FB3002E69BD /* Icons.swift in Sources */ = {isa = PBXBuildFile; fileRef = E410287E275D9FB3002E69BD /* Icons.swift */; };
		E4102881275D9FD6002E69BD /* Fonts.swift in Sources */ = {isa = PBXBuildFile; fileRef = E4102880275D9FD6002E69BD /* Fonts.swift */; };
/* End PBXBuildFile section */

/* Begin PBXContainerItemProxy section */
		E4102856275D9D79002E69BD /* PBXContainerItemProxy */ = {
			isa = PBXContainerItemProxy;
			containerPortal = E410283D275D9D77002E69BD /* Project object */;
			proxyType = 1;
			remoteGlobalIDString = E4102844275D9D77002E69BD;
			remoteInfo = YellowPages;
		};
		E4102860275D9D79002E69BD /* PBXContainerItemProxy */ = {
			isa = PBXContainerItemProxy;
			containerPortal = E410283D275D9D77002E69BD /* Project object */;
			proxyType = 1;
			remoteGlobalIDString = E4102844275D9D77002E69BD;
			remoteInfo = YellowPages;
		};
/* End PBXContainerItemProxy section */

/* Begin PBXFileReference section */
		49C366DF275DA5C70030D432 /* TestVM.swift */ = {isa = PBXFileReference; lastKnownFileType = sourcecode.swift; name = TestVM.swift; path = ../../../financePlanner/FinancePlanner/Models/General/TestVM.swift; sourceTree = "<group>"; };
		49C366E2275DAD510030D432 /* HealthProviderQS.swift */ = {isa = PBXFileReference; lastKnownFileType = sourcecode.swift; path = HealthProviderQS.swift; sourceTree = "<group>"; };
		49C366E4275DAF350030D432 /* Measurements.swift */ = {isa = PBXFileReference; lastKnownFileType = sourcecode.swift; path = Measurements.swift; sourceTree = "<group>"; };
		49C366E7275DB2F90030D432 /* BackgroundView.swift */ = {isa = PBXFileReference; lastKnownFileType = sourcecode.swift; path = BackgroundView.swift; sourceTree = "<group>"; };
		49C366EA275DB3D80030D432 /* HealthProvider.swift */ = {isa = PBXFileReference; lastKnownFileType = sourcecode.swift; path = HealthProvider.swift; sourceTree = "<group>"; };
		E4102845275D9D77002E69BD /* YellowPages.app */ = {isa = PBXFileReference; explicitFileType = wrapper.application; includeInIndex = 0; path = YellowPages.app; sourceTree = BUILT_PRODUCTS_DIR; };
		E4102848275D9D77002E69BD /* YellowPagesApp.swift */ = {isa = PBXFileReference; lastKnownFileType = sourcecode.swift; path = YellowPagesApp.swift; sourceTree = "<group>"; };
		E410284A275D9D77002E69BD /* ContentView.swift */ = {isa = PBXFileReference; lastKnownFileType = sourcecode.swift; path = ContentView.swift; sourceTree = "<group>"; };
		E410284C275D9D79002E69BD /* Assets.xcassets */ = {isa = PBXFileReference; lastKnownFileType = folder.assetcatalog; path = Assets.xcassets; sourceTree = "<group>"; };
		E410284F275D9D79002E69BD /* Preview Assets.xcassets */ = {isa = PBXFileReference; lastKnownFileType = folder.assetcatalog; path = "Preview Assets.xcassets"; sourceTree = "<group>"; };
		E4102855275D9D79002E69BD /* YellowPagesTests.xctest */ = {isa = PBXFileReference; explicitFileType = wrapper.cfbundle; includeInIndex = 0; path = YellowPagesTests.xctest; sourceTree = BUILT_PRODUCTS_DIR; };
		E4102859275D9D79002E69BD /* YellowPagesTests.swift */ = {isa = PBXFileReference; lastKnownFileType = sourcecode.swift; path = YellowPagesTests.swift; sourceTree = "<group>"; };
		E410285F275D9D79002E69BD /* YellowPagesUITests.xctest */ = {isa = PBXFileReference; explicitFileType = wrapper.cfbundle; includeInIndex = 0; path = YellowPagesUITests.xctest; sourceTree = BUILT_PRODUCTS_DIR; };
		E4102863275D9D79002E69BD /* YellowPagesUITests.swift */ = {isa = PBXFileReference; lastKnownFileType = sourcecode.swift; path = YellowPagesUITests.swift; sourceTree = "<group>"; };
		E4102865275D9D79002E69BD /* YellowPagesUITestsLaunchTests.swift */ = {isa = PBXFileReference; lastKnownFileType = sourcecode.swift; path = YellowPagesUITestsLaunchTests.swift; sourceTree = "<group>"; };
		E4102876275D9DDA002E69BD /* SearchLandingScreen.swift */ = {isa = PBXFileReference; lastKnownFileType = sourcecode.swift; path = SearchLandingScreen.swift; sourceTree = "<group>"; };
		E410287C275D9FA7002E69BD /* Colors.swift */ = {isa = PBXFileReference; lastKnownFileType = sourcecode.swift; path = Colors.swift; sourceTree = "<group>"; };
		E410287E275D9FB3002E69BD /* Icons.swift */ = {isa = PBXFileReference; lastKnownFileType = sourcecode.swift; path = Icons.swift; sourceTree = "<group>"; };
		E4102880275D9FD6002E69BD /* Fonts.swift */ = {isa = PBXFileReference; lastKnownFileType = sourcecode.swift; path = Fonts.swift; sourceTree = "<group>"; };
/* End PBXFileReference section */

/* Begin PBXFrameworksBuildPhase section */
		E4102842275D9D77002E69BD /* Frameworks */ = {
			isa = PBXFrameworksBuildPhase;
			buildActionMask = 2147483647;
			files = (
			);
			runOnlyForDeploymentPostprocessing = 0;
		};
		E4102852275D9D79002E69BD /* Frameworks */ = {
			isa = PBXFrameworksBuildPhase;
			buildActionMask = 2147483647;
			files = (
			);
			runOnlyForDeploymentPostprocessing = 0;
		};
		E410285C275D9D79002E69BD /* Frameworks */ = {
			isa = PBXFrameworksBuildPhase;
			buildActionMask = 2147483647;
			files = (
			);
			runOnlyForDeploymentPostprocessing = 0;
		};
/* End PBXFrameworksBuildPhase section */

/* Begin PBXGroup section */
		49C366E1275DAD150030D432 /* Search */ = {
			isa = PBXGroup;
			children = (
				49C366E2275DAD510030D432 /* HealthProviderQS.swift */,
			);
			path = Search;
			sourceTree = "<group>";
		};
		49C366E6275DB2E50030D432 /* Global */ = {
			isa = PBXGroup;
			children = (
				49C366E7275DB2F90030D432 /* BackgroundView.swift */,
			);
			path = Global;
			sourceTree = "<group>";
		};
		49C366E9275DB3C10030D432 /* AppData */ = {
			isa = PBXGroup;
			children = (
				49C366EA275DB3D80030D432 /* HealthProvider.swift */,
			);
			path = AppData;
			sourceTree = "<group>";
		};
		E410283C275D9D77002E69BD = {
			isa = PBXGroup;
			children = (
				E4102847275D9D77002E69BD /* YellowPages */,
				E4102858275D9D79002E69BD /* YellowPagesTests */,
				E4102862275D9D79002E69BD /* YellowPagesUITests */,
				E4102846275D9D77002E69BD /* Products */,
			);
			sourceTree = "<group>";
		};
		E4102846275D9D77002E69BD /* Products */ = {
			isa = PBXGroup;
			children = (
				E4102845275D9D77002E69BD /* YellowPages.app */,
				E4102855275D9D79002E69BD /* YellowPagesTests.xctest */,
				E410285F275D9D79002E69BD /* YellowPagesUITests.xctest */,
			);
			name = Products;
			sourceTree = "<group>";
		};
		E4102847275D9D77002E69BD /* YellowPages */ = {
			isa = PBXGroup;
			children = (
				E4102879275D9F31002E69BD /* Components */,
				E4102878275D9E95002E69BD /* Utilities */,
				E4102872275D9D99002E69BD /* Model */,
				E4102873275D9DA1002E69BD /* Views */,
				E4102874275D9DAA002E69BD /* ViewModel */,
				E4102848275D9D77002E69BD /* YellowPagesApp.swift */,
				E410284A275D9D77002E69BD /* ContentView.swift */,
				E410284C275D9D79002E69BD /* Assets.xcassets */,
				E410284E275D9D79002E69BD /* Preview Content */,
			);
			path = YellowPages;
			sourceTree = "<group>";
		};
		E410284E275D9D79002E69BD /* Preview Content */ = {
			isa = PBXGroup;
			children = (
				E410284F275D9D79002E69BD /* Preview Assets.xcassets */,
			);
			path = "Preview Content";
			sourceTree = "<group>";
		};
		E4102858275D9D79002E69BD /* YellowPagesTests */ = {
			isa = PBXGroup;
			children = (
				E4102859275D9D79002E69BD /* YellowPagesTests.swift */,
			);
			path = YellowPagesTests;
			sourceTree = "<group>";
		};
		E4102862275D9D79002E69BD /* YellowPagesUITests */ = {
			isa = PBXGroup;
			children = (
				E4102863275D9D79002E69BD /* YellowPagesUITests.swift */,
				E4102865275D9D79002E69BD /* YellowPagesUITestsLaunchTests.swift */,
			);
			path = YellowPagesUITests;
			sourceTree = "<group>";
		};
		E4102872275D9D99002E69BD /* Model */ = {
			isa = PBXGroup;
			children = (
				49C366E9275DB3C10030D432 /* AppData */,
			);
			path = Model;
			sourceTree = "<group>";
		};
		E4102873275D9DA1002E69BD /* Views */ = {
			isa = PBXGroup;
			children = (
				E4102875275D9DB8002E69BD /* Search */,
			);
			path = Views;
			sourceTree = "<group>";
		};
		E4102874275D9DAA002E69BD /* ViewModel */ = {
			isa = PBXGroup;
			children = (
				49C366DF275DA5C70030D432 /* TestVM.swift */,
			);
			path = ViewModel;
			sourceTree = "<group>";
		};
		E4102875275D9DB8002E69BD /* Search */ = {
			isa = PBXGroup;
			children = (
				E4102876275D9DDA002E69BD /* SearchLandingScreen.swift */,
			);
			path = Search;
			sourceTree = "<group>";
		};
		E4102878275D9E95002E69BD /* Utilities */ = {
			isa = PBXGroup;
			children = (
			);
			path = Utilities;
			sourceTree = "<group>";
		};
		E4102879275D9F31002E69BD /* Components */ = {
			isa = PBXGroup;
			children = (
				49C366E6275DB2E50030D432 /* Global */,
				49C366E1275DAD150030D432 /* Search */,
				E410287B275D9F7F002E69BD /* Outlets */,
				E410287A275D9F78002E69BD /* Design */,
			);
			path = Components;
			sourceTree = "<group>";
		};
		E410287A275D9F78002E69BD /* Design */ = {
			isa = PBXGroup;
			children = (
				E410287C275D9FA7002E69BD /* Colors.swift */,
				E410287E275D9FB3002E69BD /* Icons.swift */,
				E4102880275D9FD6002E69BD /* Fonts.swift */,
				49C366E4275DAF350030D432 /* Measurements.swift */,
			);
			path = Design;
			sourceTree = "<group>";
		};
		E410287B275D9F7F002E69BD /* Outlets */ = {
			isa = PBXGroup;
			children = (
			);
			path = Outlets;
			sourceTree = "<group>";
		};
/* End PBXGroup section */

/* Begin PBXNativeTarget section */
		E4102844275D9D77002E69BD /* YellowPages */ = {
			isa = PBXNativeTarget;
			buildConfigurationList = E4102869275D9D79002E69BD /* Build configuration list for PBXNativeTarget "YellowPages" */;
			buildPhases = (
				E4102841275D9D77002E69BD /* Sources */,
				E4102842275D9D77002E69BD /* Frameworks */,
				E4102843275D9D77002E69BD /* Resources */,
			);
			buildRules = (
			);
			dependencies = (
			);
			name = YellowPages;
			productName = YellowPages;
			productReference = E4102845275D9D77002E69BD /* YellowPages.app */;
			productType = "com.apple.product-type.application";
		};
		E4102854275D9D79002E69BD /* YellowPagesTests */ = {
			isa = PBXNativeTarget;
			buildConfigurationList = E410286C275D9D79002E69BD /* Build configuration list for PBXNativeTarget "YellowPagesTests" */;
			buildPhases = (
				E4102851275D9D79002E69BD /* Sources */,
				E4102852275D9D79002E69BD /* Frameworks */,
				E4102853275D9D79002E69BD /* Resources */,
			);
			buildRules = (
			);
			dependencies = (
				E4102857275D9D79002E69BD /* PBXTargetDependency */,
			);
			name = YellowPagesTests;
			productName = YellowPagesTests;
			productReference = E4102855275D9D79002E69BD /* YellowPagesTests.xctest */;
			productType = "com.apple.product-type.bundle.unit-test";
		};
		E410285E275D9D79002E69BD /* YellowPagesUITests */ = {
			isa = PBXNativeTarget;
			buildConfigurationList = E410286F275D9D79002E69BD /* Build configuration list for PBXNativeTarget "YellowPagesUITests" */;
			buildPhases = (
				E410285B275D9D79002E69BD /* Sources */,
				E410285C275D9D79002E69BD /* Frameworks */,
				E410285D275D9D79002E69BD /* Resources */,
			);
			buildRules = (
			);
			dependencies = (
				E4102861275D9D79002E69BD /* PBXTargetDependency */,
			);
			name = YellowPagesUITests;
			productName = YellowPagesUITests;
			productReference = E410285F275D9D79002E69BD /* YellowPagesUITests.xctest */;
			productType = "com.apple.product-type.bundle.ui-testing";
		};
/* End PBXNativeTarget section */

/* Begin PBXProject section */
		E410283D275D9D77002E69BD /* Project object */ = {
			isa = PBXProject;
			attributes = {
				BuildIndependentTargetsInParallel = 1;
				LastSwiftUpdateCheck = 1310;
				LastUpgradeCheck = 1310;
				TargetAttributes = {
					E4102844275D9D77002E69BD = {
						CreatedOnToolsVersion = 13.1;
					};
					E4102854275D9D79002E69BD = {
						CreatedOnToolsVersion = 13.1;
						TestTargetID = E4102844275D9D77002E69BD;
					};
					E410285E275D9D79002E69BD = {
						CreatedOnToolsVersion = 13.1;
						TestTargetID = E4102844275D9D77002E69BD;
					};
				};
			};
			buildConfigurationList = E4102840275D9D77002E69BD /* Build configuration list for PBXProject "YellowPages" */;
			compatibilityVersion = "Xcode 13.0";
			developmentRegion = en;
			hasScannedForEncodings = 0;
			knownRegions = (
				en,
				Base,
			);
			mainGroup = E410283C275D9D77002E69BD;
			productRefGroup = E4102846275D9D77002E69BD /* Products */;
			projectDirPath = "";
			projectRoot = "";
			targets = (
				E4102844275D9D77002E69BD /* YellowPages */,
				E4102854275D9D79002E69BD /* YellowPagesTests */,
				E410285E275D9D79002E69BD /* YellowPagesUITests */,
			);
		};
/* End PBXProject section */

/* Begin PBXResourcesBuildPhase section */
		E4102843275D9D77002E69BD /* Resources */ = {
			isa = PBXResourcesBuildPhase;
			buildActionMask = 2147483647;
			files = (
				E4102850275D9D79002E69BD /* Preview Assets.xcassets in Resources */,
				E410284D275D9D79002E69BD /* Assets.xcassets in Resources */,
			);
			runOnlyForDeploymentPostprocessing = 0;
		};
		E4102853275D9D79002E69BD /* Resources */ = {
			isa = PBXResourcesBuildPhase;
			buildActionMask = 2147483647;
			files = (
			);
			runOnlyForDeploymentPostprocessing = 0;
		};
		E410285D275D9D79002E69BD /* Resources */ = {
			isa = PBXResourcesBuildPhase;
			buildActionMask = 2147483647;
			files = (
			);
			runOnlyForDeploymentPostprocessing = 0;
		};
/* End PBXResourcesBuildPhase section */

/* Begin PBXSourcesBuildPhase section */
		E4102841275D9D77002E69BD /* Sources */ = {
			isa = PBXSourcesBuildPhase;
			buildActionMask = 2147483647;
			files = (
				49C366E8275DB2F90030D432 /* BackgroundView.swift in Sources */,
				49C366E0275DA5C70030D432 /* TestVM.swift in Sources */,
				49C366EB275DB3D80030D432 /* HealthProvider.swift in Sources */,
				E410284B275D9D77002E69BD /* ContentView.swift in Sources */,
				E410287D275D9FA7002E69BD /* Colors.swift in Sources */,
				E4102877275D9DDA002E69BD /* SearchLandingScreen.swift in Sources */,
				E410287F275D9FB3002E69BD /* Icons.swift in Sources */,
				E4102881275D9FD6002E69BD /* Fonts.swift in Sources */,
				49C366E3275DAD510030D432 /* HealthProviderQS.swift in Sources */,
				49C366E5275DAF350030D432 /* Measurements.swift in Sources */,
				E4102849275D9D77002E69BD /* YellowPagesApp.swift in Sources */,
			);
			runOnlyForDeploymentPostprocessing = 0;
		};
		E4102851275D9D79002E69BD /* Sources */ = {
			isa = PBXSourcesBuildPhase;
			buildActionMask = 2147483647;
			files = (
				E410285A275D9D79002E69BD /* YellowPagesTests.swift in Sources */,
			);
			runOnlyForDeploymentPostprocessing = 0;
		};
		E410285B275D9D79002E69BD /* Sources */ = {
			isa = PBXSourcesBuildPhase;
			buildActionMask = 2147483647;
			files = (
				E4102864275D9D79002E69BD /* YellowPagesUITests.swift in Sources */,
				E4102866275D9D79002E69BD /* YellowPagesUITestsLaunchTests.swift in Sources */,
			);
			runOnlyForDeploymentPostprocessing = 0;
		};
/* End PBXSourcesBuildPhase section */

/* Begin PBXTargetDependency section */
		E4102857275D9D79002E69BD /* PBXTargetDependency */ = {
			isa = PBXTargetDependency;
			target = E4102844275D9D77002E69BD /* YellowPages */;
			targetProxy = E4102856275D9D79002E69BD /* PBXContainerItemProxy */;
		};
		E4102861275D9D79002E69BD /* PBXTargetDependency */ = {
			isa = PBXTargetDependency;
			target = E4102844275D9D77002E69BD /* YellowPages */;
			targetProxy = E4102860275D9D79002E69BD /* PBXContainerItemProxy */;
		};
/* End PBXTargetDependency section */

/* Begin XCBuildConfiguration section */
		E4102867275D9D79002E69BD /* Debug */ = {
			isa = XCBuildConfiguration;
			buildSettings = {
				ALWAYS_SEARCH_USER_PATHS = NO;
				CLANG_ANALYZER_NONNULL = YES;
				CLANG_ANALYZER_NUMBER_OBJECT_CONVERSION = YES_AGGRESSIVE;
				CLANG_CXX_LANGUAGE_STANDARD = "gnu++17";
				CLANG_CXX_LIBRARY = "libc++";
				CLANG_ENABLE_MODULES = YES;
				CLANG_ENABLE_OBJC_ARC = YES;
				CLANG_ENABLE_OBJC_WEAK = YES;
				CLANG_WARN_BLOCK_CAPTURE_AUTORELEASING = YES;
				CLANG_WARN_BOOL_CONVERSION = YES;
				CLANG_WARN_COMMA = YES;
				CLANG_WARN_CONSTANT_CONVERSION = YES;
				CLANG_WARN_DEPRECATED_OBJC_IMPLEMENTATIONS = YES;
				CLANG_WARN_DIRECT_OBJC_ISA_USAGE = YES_ERROR;
				CLANG_WARN_DOCUMENTATION_COMMENTS = YES;
				CLANG_WARN_EMPTY_BODY = YES;
				CLANG_WARN_ENUM_CONVERSION = YES;
				CLANG_WARN_INFINITE_RECURSION = YES;
				CLANG_WARN_INT_CONVERSION = YES;
				CLANG_WARN_NON_LITERAL_NULL_CONVERSION = YES;
				CLANG_WARN_OBJC_IMPLICIT_RETAIN_SELF = YES;
				CLANG_WARN_OBJC_LITERAL_CONVERSION = YES;
				CLANG_WARN_OBJC_ROOT_CLASS = YES_ERROR;
				CLANG_WARN_QUOTED_INCLUDE_IN_FRAMEWORK_HEADER = YES;
				CLANG_WARN_RANGE_LOOP_ANALYSIS = YES;
				CLANG_WARN_STRICT_PROTOTYPES = YES;
				CLANG_WARN_SUSPICIOUS_MOVE = YES;
				CLANG_WARN_UNGUARDED_AVAILABILITY = YES_AGGRESSIVE;
				CLANG_WARN_UNREACHABLE_CODE = YES;
				CLANG_WARN__DUPLICATE_METHOD_MATCH = YES;
				COPY_PHASE_STRIP = NO;
				DEBUG_INFORMATION_FORMAT = dwarf;
				ENABLE_STRICT_OBJC_MSGSEND = YES;
				ENABLE_TESTABILITY = YES;
				GCC_C_LANGUAGE_STANDARD = gnu11;
				GCC_DYNAMIC_NO_PIC = NO;
				GCC_NO_COMMON_BLOCKS = YES;
				GCC_OPTIMIZATION_LEVEL = 0;
				GCC_PREPROCESSOR_DEFINITIONS = (
					"DEBUG=1",
					"$(inherited)",
				);
				GCC_WARN_64_TO_32_BIT_CONVERSION = YES;
				GCC_WARN_ABOUT_RETURN_TYPE = YES_ERROR;
				GCC_WARN_UNDECLARED_SELECTOR = YES;
				GCC_WARN_UNINITIALIZED_AUTOS = YES_AGGRESSIVE;
				GCC_WARN_UNUSED_FUNCTION = YES;
				GCC_WARN_UNUSED_VARIABLE = YES;
				IPHONEOS_DEPLOYMENT_TARGET = 15.0;
				MTL_ENABLE_DEBUG_INFO = INCLUDE_SOURCE;
				MTL_FAST_MATH = YES;
				ONLY_ACTIVE_ARCH = YES;
				SDKROOT = iphoneos;
				SWIFT_ACTIVE_COMPILATION_CONDITIONS = DEBUG;
				SWIFT_OPTIMIZATION_LEVEL = "-Onone";
			};
			name = Debug;
		};
		E4102868275D9D79002E69BD /* Release */ = {
			isa = XCBuildConfiguration;
			buildSettings = {
				ALWAYS_SEARCH_USER_PATHS = NO;
				CLANG_ANALYZER_NONNULL = YES;
				CLANG_ANALYZER_NUMBER_OBJECT_CONVERSION = YES_AGGRESSIVE;
				CLANG_CXX_LANGUAGE_STANDARD = "gnu++17";
				CLANG_CXX_LIBRARY = "libc++";
				CLANG_ENABLE_MODULES = YES;
				CLANG_ENABLE_OBJC_ARC = YES;
				CLANG_ENABLE_OBJC_WEAK = YES;
				CLANG_WARN_BLOCK_CAPTURE_AUTORELEASING = YES;
				CLANG_WARN_BOOL_CONVERSION = YES;
				CLANG_WARN_COMMA = YES;
				CLANG_WARN_CONSTANT_CONVERSION = YES;
				CLANG_WARN_DEPRECATED_OBJC_IMPLEMENTATIONS = YES;
				CLANG_WARN_DIRECT_OBJC_ISA_USAGE = YES_ERROR;
				CLANG_WARN_DOCUMENTATION_COMMENTS = YES;
				CLANG_WARN_EMPTY_BODY = YES;
				CLANG_WARN_ENUM_CONVERSION = YES;
				CLANG_WARN_INFINITE_RECURSION = YES;
				CLANG_WARN_INT_CONVERSION = YES;
				CLANG_WARN_NON_LITERAL_NULL_CONVERSION = YES;
				CLANG_WARN_OBJC_IMPLICIT_RETAIN_SELF = YES;
				CLANG_WARN_OBJC_LITERAL_CONVERSION = YES;
				CLANG_WARN_OBJC_ROOT_CLASS = YES_ERROR;
				CLANG_WARN_QUOTED_INCLUDE_IN_FRAMEWORK_HEADER = YES;
				CLANG_WARN_RANGE_LOOP_ANALYSIS = YES;
				CLANG_WARN_STRICT_PROTOTYPES = YES;
				CLANG_WARN_SUSPICIOUS_MOVE = YES;
				CLANG_WARN_UNGUARDED_AVAILABILITY = YES_AGGRESSIVE;
				CLANG_WARN_UNREACHABLE_CODE = YES;
				CLANG_WARN__DUPLICATE_METHOD_MATCH = YES;
				COPY_PHASE_STRIP = NO;
				DEBUG_INFORMATION_FORMAT = "dwarf-with-dsym";
				ENABLE_NS_ASSERTIONS = NO;
				ENABLE_STRICT_OBJC_MSGSEND = YES;
				GCC_C_LANGUAGE_STANDARD = gnu11;
				GCC_NO_COMMON_BLOCKS = YES;
				GCC_WARN_64_TO_32_BIT_CONVERSION = YES;
				GCC_WARN_ABOUT_RETURN_TYPE = YES_ERROR;
				GCC_WARN_UNDECLARED_SELECTOR = YES;
				GCC_WARN_UNINITIALIZED_AUTOS = YES_AGGRESSIVE;
				GCC_WARN_UNUSED_FUNCTION = YES;
				GCC_WARN_UNUSED_VARIABLE = YES;
				IPHONEOS_DEPLOYMENT_TARGET = 15.0;
				MTL_ENABLE_DEBUG_INFO = NO;
				MTL_FAST_MATH = YES;
				SDKROOT = iphoneos;
				SWIFT_COMPILATION_MODE = wholemodule;
				SWIFT_OPTIMIZATION_LEVEL = "-O";
				VALIDATE_PRODUCT = YES;
			};
			name = Release;
		};
		E410286A275D9D79002E69BD /* Debug */ = {
			isa = XCBuildConfiguration;
			buildSettings = {
				ASSETCATALOG_COMPILER_APPICON_NAME = AppIcon;
				ASSETCATALOG_COMPILER_GLOBAL_ACCENT_COLOR_NAME = AccentColor;
				CODE_SIGN_STYLE = Automatic;
				CURRENT_PROJECT_VERSION = 1;
				DEVELOPMENT_ASSET_PATHS = "\"YellowPages/Preview Content\"";
				DEVELOPMENT_TEAM = 8LFL44N4ND;
				ENABLE_PREVIEWS = YES;
				GENERATE_INFOPLIST_FILE = YES;
				INFOPLIST_KEY_UIApplicationSceneManifest_Generation = YES;
				INFOPLIST_KEY_UIApplicationSupportsIndirectInputEvents = YES;
				INFOPLIST_KEY_UILaunchScreen_Generation = YES;
				INFOPLIST_KEY_UISupportedInterfaceOrientations_iPad = "UIInterfaceOrientationPortrait UIInterfaceOrientationPortraitUpsideDown UIInterfaceOrientationLandscapeLeft UIInterfaceOrientationLandscapeRight";
				INFOPLIST_KEY_UISupportedInterfaceOrientations_iPhone = "UIInterfaceOrientationPortrait UIInterfaceOrientationLandscapeLeft UIInterfaceOrientationLandscapeRight";
				LD_RUNPATH_SEARCH_PATHS = (
					"$(inherited)",
					"@executable_path/Frameworks",
				);
				MARKETING_VERSION = 1.0;
				PRODUCT_BUNDLE_IDENTIFIER = com.edTos.YellowPages;
				PRODUCT_NAME = "$(TARGET_NAME)";
				SWIFT_EMIT_LOC_STRINGS = YES;
				SWIFT_VERSION = 5.0;
				TARGETED_DEVICE_FAMILY = "1,2";
			};
			name = Debug;
		};
		E410286B275D9D79002E69BD /* Release */ = {
			isa = XCBuildConfiguration;
			buildSettings = {
				ASSETCATALOG_COMPILER_APPICON_NAME = AppIcon;
				ASSETCATALOG_COMPILER_GLOBAL_ACCENT_COLOR_NAME = AccentColor;
				CODE_SIGN_STYLE = Automatic;
				CURRENT_PROJECT_VERSION = 1;
				DEVELOPMENT_ASSET_PATHS = "\"YellowPages/Preview Content\"";
				DEVELOPMENT_TEAM = 8LFL44N4ND;
				ENABLE_PREVIEWS = YES;
				GENERATE_INFOPLIST_FILE = YES;
				INFOPLIST_KEY_UIApplicationSceneManifest_Generation = YES;
				INFOPLIST_KEY_UIApplicationSupportsIndirectInputEvents = YES;
				INFOPLIST_KEY_UILaunchScreen_Generation = YES;
				INFOPLIST_KEY_UISupportedInterfaceOrientations_iPad = "UIInterfaceOrientationPortrait UIInterfaceOrientationPortraitUpsideDown UIInterfaceOrientationLandscapeLeft UIInterfaceOrientationLandscapeRight";
				INFOPLIST_KEY_UISupportedInterfaceOrientations_iPhone = "UIInterfaceOrientationPortrait UIInterfaceOrientationLandscapeLeft UIInterfaceOrientationLandscapeRight";
				LD_RUNPATH_SEARCH_PATHS = (
					"$(inherited)",
					"@executable_path/Frameworks",
				);
				MARKETING_VERSION = 1.0;
				PRODUCT_BUNDLE_IDENTIFIER = com.edTos.YellowPages;
				PRODUCT_NAME = "$(TARGET_NAME)";
				SWIFT_EMIT_LOC_STRINGS = YES;
				SWIFT_VERSION = 5.0;
				TARGETED_DEVICE_FAMILY = "1,2";
			};
			name = Release;
		};
		E410286D275D9D79002E69BD /* Debug */ = {
			isa = XCBuildConfiguration;
			buildSettings = {
				ALWAYS_EMBED_SWIFT_STANDARD_LIBRARIES = YES;
				BUNDLE_LOADER = "$(TEST_HOST)";
				CODE_SIGN_STYLE = Automatic;
				CURRENT_PROJECT_VERSION = 1;
				DEVELOPMENT_TEAM = 8LFL44N4ND;
				GENERATE_INFOPLIST_FILE = YES;
				IPHONEOS_DEPLOYMENT_TARGET = 15.0;
				LD_RUNPATH_SEARCH_PATHS = (
					"$(inherited)",
					"@executable_path/Frameworks",
					"@loader_path/Frameworks",
				);
				MARKETING_VERSION = 1.0;
				PRODUCT_BUNDLE_IDENTIFIER = com.edTos.YellowPagesTests;
				PRODUCT_NAME = "$(TARGET_NAME)";
				SWIFT_EMIT_LOC_STRINGS = NO;
				SWIFT_VERSION = 5.0;
				TARGETED_DEVICE_FAMILY = "1,2";
				TEST_HOST = "$(BUILT_PRODUCTS_DIR)/YellowPages.app/YellowPages";
			};
			name = Debug;
		};
		E410286E275D9D79002E69BD /* Release */ = {
			isa = XCBuildConfiguration;
			buildSettings = {
				ALWAYS_EMBED_SWIFT_STANDARD_LIBRARIES = YES;
				BUNDLE_LOADER = "$(TEST_HOST)";
				CODE_SIGN_STYLE = Automatic;
				CURRENT_PROJECT_VERSION = 1;
				DEVELOPMENT_TEAM = 8LFL44N4ND;
				GENERATE_INFOPLIST_FILE = YES;
				IPHONEOS_DEPLOYMENT_TARGET = 15.0;
				LD_RUNPATH_SEARCH_PATHS = (
					"$(inherited)",
					"@executable_path/Frameworks",
					"@loader_path/Frameworks",
				);
				MARKETING_VERSION = 1.0;
				PRODUCT_BUNDLE_IDENTIFIER = com.edTos.YellowPagesTests;
				PRODUCT_NAME = "$(TARGET_NAME)";
				SWIFT_EMIT_LOC_STRINGS = NO;
				SWIFT_VERSION = 5.0;
				TARGETED_DEVICE_FAMILY = "1,2";
				TEST_HOST = "$(BUILT_PRODUCTS_DIR)/YellowPages.app/YellowPages";
			};
			name = Release;
		};
		E4102870275D9D79002E69BD /* Debug */ = {
			isa = XCBuildConfiguration;
			buildSettings = {
				ALWAYS_EMBED_SWIFT_STANDARD_LIBRARIES = YES;
				CODE_SIGN_STYLE = Automatic;
				CURRENT_PROJECT_VERSION = 1;
				DEVELOPMENT_TEAM = 8LFL44N4ND;
				GENERATE_INFOPLIST_FILE = YES;
				LD_RUNPATH_SEARCH_PATHS = (
					"$(inherited)",
					"@executable_path/Frameworks",
					"@loader_path/Frameworks",
				);
				MARKETING_VERSION = 1.0;
				PRODUCT_BUNDLE_IDENTIFIER = com.edTos.YellowPagesUITests;
				PRODUCT_NAME = "$(TARGET_NAME)";
				SWIFT_EMIT_LOC_STRINGS = NO;
				SWIFT_VERSION = 5.0;
				TARGETED_DEVICE_FAMILY = "1,2";
				TEST_TARGET_NAME = YellowPages;
			};
			name = Debug;
		};
		E4102871275D9D79002E69BD /* Release */ = {
			isa = XCBuildConfiguration;
			buildSettings = {
				ALWAYS_EMBED_SWIFT_STANDARD_LIBRARIES = YES;
				CODE_SIGN_STYLE = Automatic;
				CURRENT_PROJECT_VERSION = 1;
				DEVELOPMENT_TEAM = 8LFL44N4ND;
				GENERATE_INFOPLIST_FILE = YES;
				LD_RUNPATH_SEARCH_PATHS = (
					"$(inherited)",
					"@executable_path/Frameworks",
					"@loader_path/Frameworks",
				);
				MARKETING_VERSION = 1.0;
				PRODUCT_BUNDLE_IDENTIFIER = com.edTos.YellowPagesUITests;
				PRODUCT_NAME = "$(TARGET_NAME)";
				SWIFT_EMIT_LOC_STRINGS = NO;
				SWIFT_VERSION = 5.0;
				TARGETED_DEVICE_FAMILY = "1,2";
				TEST_TARGET_NAME = YellowPages;
			};
			name = Release;
		};
/* End XCBuildConfiguration section */

/* Begin XCConfigurationList section */
		E4102840275D9D77002E69BD /* Build configuration list for PBXProject "YellowPages" */ = {
			isa = XCConfigurationList;
			buildConfigurations = (
				E4102867275D9D79002E69BD /* Debug */,
				E4102868275D9D79002E69BD /* Release */,
			);
			defaultConfigurationIsVisible = 0;
			defaultConfigurationName = Release;
		};
		E4102869275D9D79002E69BD /* Build configuration list for PBXNativeTarget "YellowPages" */ = {
			isa = XCConfigurationList;
			buildConfigurations = (
				E410286A275D9D79002E69BD /* Debug */,
				E410286B275D9D79002E69BD /* Release */,
			);
			defaultConfigurationIsVisible = 0;
			defaultConfigurationName = Release;
		};
		E410286C275D9D79002E69BD /* Build configuration list for PBXNativeTarget "YellowPagesTests" */ = {
			isa = XCConfigurationList;
			buildConfigurations = (
				E410286D275D9D79002E69BD /* Debug */,
				E410286E275D9D79002E69BD /* Release */,
			);
			defaultConfigurationIsVisible = 0;
			defaultConfigurationName = Release;
		};
		E410286F275D9D79002E69BD /* Build configuration list for PBXNativeTarget "YellowPagesUITests" */ = {
			isa = XCConfigurationList;
			buildConfigurations = (
				E4102870275D9D79002E69BD /* Debug */,
				E4102871275D9D79002E69BD /* Release */,
			);
			defaultConfigurationIsVisible = 0;
			defaultConfigurationName = Release;
		};
/* End XCConfigurationList section */
	};
	rootObject = E410283D275D9D77002E69BD /* Project object */;
}
